// !$*UTF8*$!
{
	archiveVersion = 1;
	classes = {
	};
	objectVersion = 46;
	objects = {

/* Begin PBXBuildFile section */
		072AE7F11E8DEB1600252774 /* CommandController.swift in Sources */ = {isa = PBXBuildFile; fileRef = 072AE7F01E8DEB1600252774 /* CommandController.swift */; };
		072AE7F31E8DF4BA00252774 /* CreateController.swift in Sources */ = {isa = PBXBuildFile; fileRef = 072AE7F21E8DF4BA00252774 /* CreateController.swift */; };
		072AE7F51E8E878200252774 /* DoneController.swift in Sources */ = {isa = PBXBuildFile; fileRef = 072AE7F41E8E878200252774 /* DoneController.swift */; };
		072AE7F71E8E8F8E00252774 /* SearchResultController.swift in Sources */ = {isa = PBXBuildFile; fileRef = 072AE7F61E8E8F8E00252774 /* SearchResultController.swift */; };
		072AE8041E8EA18E00252774 /* CoredataManager.swift in Sources */ = {isa = PBXBuildFile; fileRef = 072AE8031E8EA18E00252774 /* CoredataManager.swift */; };
		072AE8061E8EA1E300252774 /* NoteItems.swift in Sources */ = {isa = PBXBuildFile; fileRef = 072AE8051E8EA1E300252774 /* NoteItems.swift */; };
		074511C91E8C26BB006497DD /* AppDelegate.swift in Sources */ = {isa = PBXBuildFile; fileRef = 074511C81E8C26BB006497DD /* AppDelegate.swift */; };
		074511CE1E8C26BB006497DD /* Main.storyboard in Resources */ = {isa = PBXBuildFile; fileRef = 074511CC1E8C26BB006497DD /* Main.storyboard */; };
		074511D11E8C26BB006497DD /* Cube.xcdatamodeld in Sources */ = {isa = PBXBuildFile; fileRef = 074511CF1E8C26BB006497DD /* Cube.xcdatamodeld */; };
		074511D31E8C26BB006497DD /* Assets.xcassets in Resources */ = {isa = PBXBuildFile; fileRef = 074511D21E8C26BB006497DD /* Assets.xcassets */; };
		074511D61E8C26BB006497DD /* LaunchScreen.storyboard in Resources */ = {isa = PBXBuildFile; fileRef = 074511D41E8C26BB006497DD /* LaunchScreen.storyboard */; };
		074511E21E8C2D09006497DD /* Extensions.swift in Sources */ = {isa = PBXBuildFile; fileRef = 074511E11E8C2D09006497DD /* Extensions.swift */; };
		074511E51E8C301C006497DD /* Constants.swift in Sources */ = {isa = PBXBuildFile; fileRef = 074511E41E8C301C006497DD /* Constants.swift */; };
/* End PBXBuildFile section */

/* Begin PBXFileReference section */
		072AE7F01E8DEB1600252774 /* CommandController.swift */ = {isa = PBXFileReference; fileEncoding = 4; lastKnownFileType = sourcecode.swift; path = CommandController.swift; sourceTree = "<group>"; };
		072AE7F21E8DF4BA00252774 /* CreateController.swift */ = {isa = PBXFileReference; fileEncoding = 4; lastKnownFileType = sourcecode.swift; path = CreateController.swift; sourceTree = "<group>"; };
		072AE7F41E8E878200252774 /* DoneController.swift */ = {isa = PBXFileReference; fileEncoding = 4; lastKnownFileType = sourcecode.swift; path = DoneController.swift; sourceTree = "<group>"; };
		072AE7F61E8E8F8E00252774 /* SearchResultController.swift */ = {isa = PBXFileReference; fileEncoding = 4; lastKnownFileType = sourcecode.swift; path = SearchResultController.swift; sourceTree = "<group>"; };
		072AE8031E8EA18E00252774 /* CoredataManager.swift */ = {isa = PBXFileReference; fileEncoding = 4; lastKnownFileType = sourcecode.swift; path = CoredataManager.swift; sourceTree = "<group>"; };
		072AE8051E8EA1E300252774 /* NoteItems.swift */ = {isa = PBXFileReference; fileEncoding = 4; lastKnownFileType = sourcecode.swift; path = NoteItems.swift; sourceTree = "<group>"; };
		074511C51E8C26BB006497DD /* Cube.app */ = {isa = PBXFileReference; explicitFileType = wrapper.application; includeInIndex = 0; path = Cube.app; sourceTree = BUILT_PRODUCTS_DIR; };
		074511C81E8C26BB006497DD /* AppDelegate.swift */ = {isa = PBXFileReference; lastKnownFileType = sourcecode.swift; path = AppDelegate.swift; sourceTree = "<group>"; };
		074511CD1E8C26BB006497DD /* Base */ = {isa = PBXFileReference; lastKnownFileType = file.storyboard; name = Base; path = Base.lproj/Main.storyboard; sourceTree = "<group>"; };
		074511D01E8C26BB006497DD /* Cube.xcdatamodel */ = {isa = PBXFileReference; lastKnownFileType = wrapper.xcdatamodel; path = Cube.xcdatamodel; sourceTree = "<group>"; };
		074511D21E8C26BB006497DD /* Assets.xcassets */ = {isa = PBXFileReference; lastKnownFileType = folder.assetcatalog; path = Assets.xcassets; sourceTree = "<group>"; };
		074511D51E8C26BB006497DD /* Base */ = {isa = PBXFileReference; lastKnownFileType = file.storyboard; name = Base; path = Base.lproj/LaunchScreen.storyboard; sourceTree = "<group>"; };
		074511D71E8C26BC006497DD /* Info.plist */ = {isa = PBXFileReference; lastKnownFileType = text.plist.xml; path = Info.plist; sourceTree = "<group>"; };
		074511E11E8C2D09006497DD /* Extensions.swift */ = {isa = PBXFileReference; fileEncoding = 4; lastKnownFileType = sourcecode.swift; path = Extensions.swift; sourceTree = "<group>"; };
		074511E41E8C301C006497DD /* Constants.swift */ = {isa = PBXFileReference; fileEncoding = 4; lastKnownFileType = sourcecode.swift; path = Constants.swift; sourceTree = "<group>"; };
/* End PBXFileReference section */

/* Begin PBXFrameworksBuildPhase section */
		074511C21E8C26BB006497DD /* Frameworks */ = {
			isa = PBXFrameworksBuildPhase;
			buildActionMask = 2147483647;
			files = (
			);
			runOnlyForDeploymentPostprocessing = 0;
		};
/* End PBXFrameworksBuildPhase section */

/* Begin PBXGroup section */
		072AE7F81E8E974000252774 /* CoredataManager */ = {
			isa = PBXGroup;
			children = (
				072AE8031E8EA18E00252774 /* CoredataManager.swift */,
				072AE8051E8EA1E300252774 /* NoteItems.swift */,
			);
			name = CoredataManager;
			sourceTree = "<group>";
		};
		074511BC1E8C26BB006497DD = {
			isa = PBXGroup;
			children = (
				074511C71E8C26BB006497DD /* Cube */,
				074511C61E8C26BB006497DD /* Products */,
			);
			sourceTree = "<group>";
		};
		074511C61E8C26BB006497DD /* Products */ = {
			isa = PBXGroup;
			children = (
				074511C51E8C26BB006497DD /* Cube.app */,
			);
			name = Products;
			sourceTree = "<group>";
		};
		074511C71E8C26BB006497DD /* Cube */ = {
			isa = PBXGroup;
			children = (
				072AE7F81E8E974000252774 /* CoredataManager */,
				074511E31E8C2F18006497DD /* Constants */,
				074511E01E8C2CF0006497DD /* Extensions */,
				074511DF1E8C2CE1006497DD /* Controllers */,
				074511C81E8C26BB006497DD /* AppDelegate.swift */,
				074511CC1E8C26BB006497DD /* Main.storyboard */,
				074511D21E8C26BB006497DD /* Assets.xcassets */,
				074511D41E8C26BB006497DD /* LaunchScreen.storyboard */,
				074511D71E8C26BC006497DD /* Info.plist */,
				074511CF1E8C26BB006497DD /* Cube.xcdatamodeld */,
			);
			path = Cube;
			sourceTree = "<group>";
		};
		074511DF1E8C2CE1006497DD /* Controllers */ = {
			isa = PBXGroup;
			children = (
				072AE7F01E8DEB1600252774 /* CommandController.swift */,
				072AE7F21E8DF4BA00252774 /* CreateController.swift */,
				072AE7F41E8E878200252774 /* DoneController.swift */,
				072AE7F61E8E8F8E00252774 /* SearchResultController.swift */,
			);
			name = Controllers;
			sourceTree = "<group>";
		};
		074511E01E8C2CF0006497DD /* Extensions */ = {
			isa = PBXGroup;
			children = (
				074511E11E8C2D09006497DD /* Extensions.swift */,
			);
			name = Extensions;
			sourceTree = "<group>";
		};
		074511E31E8C2F18006497DD /* Constants */ = {
			isa = PBXGroup;
			children = (
				074511E41E8C301C006497DD /* Constants.swift */,
			);
			name = Constants;
			sourceTree = "<group>";
		};
/* End PBXGroup section */

/* Begin PBXNativeTarget section */
		074511C41E8C26BB006497DD /* Cube */ = {
			isa = PBXNativeTarget;
			buildConfigurationList = 074511DA1E8C26BC006497DD /* Build configuration list for PBXNativeTarget "Cube" */;
			buildPhases = (
				074511C11E8C26BB006497DD /* Sources */,
				074511C21E8C26BB006497DD /* Frameworks */,
				074511C31E8C26BB006497DD /* Resources */,
			);
			buildRules = (
			);
			dependencies = (
			);
			name = Cube;
			productName = Cube;
			productReference = 074511C51E8C26BB006497DD /* Cube.app */;
			productType = "com.apple.product-type.application";
		};
/* End PBXNativeTarget section */

/* Begin PBXProject section */
		074511BD1E8C26BB006497DD /* Project object */ = {
			isa = PBXProject;
			attributes = {
				LastSwiftUpdateCheck = 0830;
				LastUpgradeCheck = 0830;
				ORGANIZATIONNAME = PAC;
				TargetAttributes = {
					074511C41E8C26BB006497DD = {
						CreatedOnToolsVersion = 8.3;
						DevelopmentTeam = 33VASA23GZ;
						ProvisioningStyle = Manual;
					};
				};
			};
			buildConfigurationList = 074511C01E8C26BB006497DD /* Build configuration list for PBXProject "Cube" */;
			compatibilityVersion = "Xcode 3.2";
			developmentRegion = English;
			hasScannedForEncodings = 0;
			knownRegions = (
				en,
				Base,
			);
			mainGroup = 074511BC1E8C26BB006497DD;
			productRefGroup = 074511C61E8C26BB006497DD /* Products */;
			projectDirPath = "";
			projectRoot = "";
			targets = (
				074511C41E8C26BB006497DD /* Cube */,
			);
		};
/* End PBXProject section */

/* Begin PBXResourcesBuildPhase section */
		074511C31E8C26BB006497DD /* Resources */ = {
			isa = PBXResourcesBuildPhase;
			buildActionMask = 2147483647;
			files = (
				074511D61E8C26BB006497DD /* LaunchScreen.storyboard in Resources */,
				074511D31E8C26BB006497DD /* Assets.xcassets in Resources */,
				074511CE1E8C26BB006497DD /* Main.storyboard in Resources */,
			);
			runOnlyForDeploymentPostprocessing = 0;
		};
/* End PBXResourcesBuildPhase section */

/* Begin PBXSourcesBuildPhase section */
		074511C11E8C26BB006497DD /* Sources */ = {
			isa = PBXSourcesBuildPhase;
			buildActionMask = 2147483647;
			files = (
				072AE8041E8EA18E00252774 /* CoredataManager.swift in Sources */,
				074511E51E8C301C006497DD /* Constants.swift in Sources */,
				072AE7F31E8DF4BA00252774 /* CreateController.swift in Sources */,
				074511C91E8C26BB006497DD /* AppDelegate.swift in Sources */,
				074511D11E8C26BB006497DD /* Cube.xcdatamodeld in Sources */,
				072AE7F11E8DEB1600252774 /* CommandController.swift in Sources */,
				072AE8061E8EA1E300252774 /* NoteItems.swift in Sources */,
				072AE7F51E8E878200252774 /* DoneController.swift in Sources */,
				074511E21E8C2D09006497DD /* Extensions.swift in Sources */,
				072AE7F71E8E8F8E00252774 /* SearchResultController.swift in Sources */,
			);
			runOnlyForDeploymentPostprocessing = 0;
		};
/* End PBXSourcesBuildPhase section */

/* Begin PBXVariantGroup section */
		074511CC1E8C26BB006497DD /* Main.storyboard */ = {
			isa = PBXVariantGroup;
			children = (
				074511CD1E8C26BB006497DD /* Base */,
			);
			name = Main.storyboard;
			sourceTree = "<group>";
		};
		074511D41E8C26BB006497DD /* LaunchScreen.storyboard */ = {
			isa = PBXVariantGroup;
			children = (
				074511D51E8C26BB006497DD /* Base */,
			);
			name = LaunchScreen.storyboard;
			sourceTree = "<group>";
		};
/* End PBXVariantGroup section */

/* Begin XCBuildConfiguration section */
		074511D81E8C26BC006497DD /* Debug */ = {
			isa = XCBuildConfiguration;
			buildSettings = {
				ALWAYS_SEARCH_USER_PATHS = NO;
				CLANG_ANALYZER_NONNULL = YES;
				CLANG_ANALYZER_NUMBER_OBJECT_CONVERSION = YES_AGGRESSIVE;
				CLANG_CXX_LANGUAGE_STANDARD = "gnu++0x";
				CLANG_CXX_LIBRARY = "libc++";
				CLANG_ENABLE_MODULES = YES;
				CLANG_ENABLE_OBJC_ARC = YES;
				CLANG_WARN_BOOL_CONVERSION = YES;
				CLANG_WARN_CONSTANT_CONVERSION = YES;
				CLANG_WARN_DIRECT_OBJC_ISA_USAGE = YES_ERROR;
				CLANG_WARN_DOCUMENTATION_COMMENTS = YES;
				CLANG_WARN_EMPTY_BODY = YES;
				CLANG_WARN_ENUM_CONVERSION = YES;
				CLANG_WARN_INFINITE_RECURSION = YES;
				CLANG_WARN_INT_CONVERSION = YES;
				CLANG_WARN_OBJC_ROOT_CLASS = YES_ERROR;
				CLANG_WARN_SUSPICIOUS_MOVE = YES;
				CLANG_WARN_UNREACHABLE_CODE = YES;
				CLANG_WARN__DUPLICATE_METHOD_MATCH = YES;
				CODE_SIGN_IDENTITY = "iPhone Developer: yongzhen li (CD2G3A3HCF)";
				"CODE_SIGN_IDENTITY[sdk=iphoneos*]" = "iPhone Developer";
				COPY_PHASE_STRIP = NO;
				DEBUG_INFORMATION_FORMAT = dwarf;
				ENABLE_STRICT_OBJC_MSGSEND = YES;
				ENABLE_TESTABILITY = YES;
				GCC_C_LANGUAGE_STANDARD = gnu99;
				GCC_DYNAMIC_NO_PIC = NO;
				GCC_NO_COMMON_BLOCKS = YES;
				GCC_OPTIMIZATION_LEVEL = 0;
				GCC_PREPROCESSOR_DEFINITIONS = (
					"DEBUG=1",
					"$(inherited)",
				);
				GCC_WARN_64_TO_32_BIT_CONVERSION = YES;
				GCC_WARN_ABOUT_RETURN_TYPE = YES_ERROR;
				GCC_WARN_UNDECLARED_SELECTOR = YES;
				GCC_WARN_UNINITIALIZED_AUTOS = YES_AGGRESSIVE;
				GCC_WARN_UNUSED_FUNCTION = YES;
				GCC_WARN_UNUSED_VARIABLE = YES;
				IPHONEOS_DEPLOYMENT_TARGET = 10.3;
				MTL_ENABLE_DEBUG_INFO = YES;
				ONLY_ACTIVE_ARCH = YES;
				SDKROOT = iphoneos;
				SWIFT_ACTIVE_COMPILATION_CONDITIONS = DEBUG;
				SWIFT_OPTIMIZATION_LEVEL = "-Onone";
				TARGETED_DEVICE_FAMILY = "1,2";
			};
			name = Debug;
		};
		074511D91E8C26BC006497DD /* Release */ = {
			isa = XCBuildConfiguration;
			buildSettings = {
				ALWAYS_SEARCH_USER_PATHS = NO;
				CLANG_ANALYZER_NONNULL = YES;
				CLANG_ANALYZER_NUMBER_OBJECT_CONVERSION = YES_AGGRESSIVE;
				CLANG_CXX_LANGUAGE_STANDARD = "gnu++0x";
				CLANG_CXX_LIBRARY = "libc++";
				CLANG_ENABLE_MODULES = YES;
				CLANG_ENABLE_OBJC_ARC = YES;
				CLANG_WARN_BOOL_CONVERSION = YES;
				CLANG_WARN_CONSTANT_CONVERSION = YES;
				CLANG_WARN_DIRECT_OBJC_ISA_USAGE = YES_ERROR;
				CLANG_WARN_DOCUMENTATION_COMMENTS = YES;
				CLANG_WARN_EMPTY_BODY = YES;
				CLANG_WARN_ENUM_CONVERSION = YES;
				CLANG_WARN_INFINITE_RECURSION = YES;
				CLANG_WARN_INT_CONVERSION = YES;
				CLANG_WARN_OBJC_ROOT_CLASS = YES_ERROR;
				CLANG_WARN_SUSPICIOUS_MOVE = YES;
				CLANG_WARN_UNREACHABLE_CODE = YES;
				CLANG_WARN__DUPLICATE_METHOD_MATCH = YES;
				CODE_SIGN_IDENTITY = "iPhone Developer: yongzhen li (CD2G3A3HCF)";
				"CODE_SIGN_IDENTITY[sdk=iphoneos*]" = "iPhone Developer";
				COPY_PHASE_STRIP = NO;
				DEBUG_INFORMATION_FORMAT = "dwarf-with-dsym";
				ENABLE_NS_ASSERTIONS = NO;
				ENABLE_STRICT_OBJC_MSGSEND = YES;
				GCC_C_LANGUAGE_STANDARD = gnu99;
				GCC_NO_COMMON_BLOCKS = YES;
				GCC_WARN_64_TO_32_BIT_CONVERSION = YES;
				GCC_WARN_ABOUT_RETURN_TYPE = YES_ERROR;
				GCC_WARN_UNDECLARED_SELECTOR = YES;
				GCC_WARN_UNINITIALIZED_AUTOS = YES_AGGRESSIVE;
				GCC_WARN_UNUSED_FUNCTION = YES;
				GCC_WARN_UNUSED_VARIABLE = YES;
				IPHONEOS_DEPLOYMENT_TARGET = 10.3;
				MTL_ENABLE_DEBUG_INFO = NO;
				SDKROOT = iphoneos;
				SWIFT_OPTIMIZATION_LEVEL = "-Owholemodule";
				TARGETED_DEVICE_FAMILY = "1,2";
				VALIDATE_PRODUCT = YES;
			};
			name = Release;
		};
		074511DB1E8C26BC006497DD /* Debug */ = {
			isa = XCBuildConfiguration;
			buildSettings = {
				ASSETCATALOG_COMPILER_APPICON_NAME = AppIcon;
				"CODE_SIGN_IDENTITY[sdk=iphoneos*]" = "iPhone Developer";
				DEVELOPMENT_TEAM = 33VASA23GZ;
				INFOPLIST_FILE = Cube/Info.plist;
				IPHONEOS_DEPLOYMENT_TARGET = 10.2;
				LD_RUNPATH_SEARCH_PATHS = "$(inherited) @executable_path/Frameworks";
				PRODUCT_BUNDLE_IDENTIFIER = com.ddong.caesar.canada;
				PRODUCT_NAME = "$(TARGET_NAME)";
				PROVISIONING_PROFILE = "bb067809-de05-423d-ad6a-2142d2c0c507";
				PROVISIONING_PROFILE_SPECIFIER = caesar_canada;
				SWIFT_VERSION = 3.0;
			};
			name = Debug;
		};
		074511DC1E8C26BC006497DD /* Release */ = {
			isa = XCBuildConfiguration;
			buildSettings = {
				ASSETCATALOG_COMPILER_APPICON_NAME = AppIcon;
				"CODE_SIGN_IDENTITY[sdk=iphoneos*]" = "iPhone Developer";
				DEVELOPMENT_TEAM = 33VASA23GZ;
				INFOPLIST_FILE = Cube/Info.plist;
				IPHONEOS_DEPLOYMENT_TARGET = 10.2;
				LD_RUNPATH_SEARCH_PATHS = "$(inherited) @executable_path/Frameworks";
				PRODUCT_BUNDLE_IDENTIFIER = com.ddong.caesar.canada;
				PRODUCT_NAME = "$(TARGET_NAME)";
				PROVISIONING_PROFILE = "bb067809-de05-423d-ad6a-2142d2c0c507";
				PROVISIONING_PROFILE_SPECIFIER = caesar_canada;
				SWIFT_VERSION = 3.0;
			};
			name = Release;
		};
/* End XCBuildConfiguration section */

/* Begin XCConfigurationList section */
		074511C01E8C26BB006497DD /* Build configuration list for PBXProject "Cube" */ = {
			isa = XCConfigurationList;
			buildConfigurations = (
				074511D81E8C26BC006497DD /* Debug */,
				074511D91E8C26BC006497DD /* Release */,
			);
			defaultConfigurationIsVisible = 0;
			defaultConfigurationName = Release;
		};
		074511DA1E8C26BC006497DD /* Build configuration list for PBXNativeTarget "Cube" */ = {
			isa = XCConfigurationList;
			buildConfigurations = (
				074511DB1E8C26BC006497DD /* Debug */,
				074511DC1E8C26BC006497DD /* Release */,
			);
			defaultConfigurationIsVisible = 0;
			defaultConfigurationName = Release;
		};
/* End XCConfigurationList section */

/* Begin XCVersionGroup section */
		074511CF1E8C26BB006497DD /* Cube.xcdatamodeld */ = {
			isa = XCVersionGroup;
			children = (
				074511D01E8C26BB006497DD /* Cube.xcdatamodel */,
			);
			currentVersion = 074511D01E8C26BB006497DD /* Cube.xcdatamodel */;
			path = Cube.xcdatamodeld;
			sourceTree = "<group>";
			versionGroupType = wrapper.xcdatamodel;
		};
/* End XCVersionGroup section */
	};
	rootObject = 074511BD1E8C26BB006497DD /* Project object */;
}
